
Microsoft Visual Studio Solution File, Format Version 12.00
# Visual Studio Version 16
VisualStudioVersion = 16.0.31515.178
MinimumVisualStudioVersion = 10.0.40219.1
Project("{8BC9CEB8-8B4A-11D0-8D11-00A0C91BC942}") = "TheMostComplicatedPattern", "TheMostComplicatedPattern\TheMostComplicatedPattern.vcxproj", "{2EF3500B-74C6-48A6-9001-11053AE12DB7}"
EndProject
Global
	GlobalSection(SolutionConfigurationPlatforms) = preSolution
		Debug|x64 = Debug|x64
		Debug|x86 = Debug|x86
		Release|x64 = Release|x64
		Release|x86 = Release|x86
	EndGlobalSection
	GlobalSection(ProjectConfigurationPlatforms) = postSolution
		{2EF3500B-74C6-48A6-9001-11053AE12DB7}.Debug|x64.ActiveCfg = Debug|x64
		{2EF3500B-74C6-48A6-9001-11053AE12DB7}.Debug|x64.Build.0 = Debug|x64
		{2EF3500B-74C6-48A6-9001-11053AE12DB7}.Debug|x86.ActiveCfg = Debug|Win32
		{2EF3500B-74C6-48A6-9001-11053AE12DB7}.Debug|x86.Build.0 = Debug|Win32
		{2EF3500B-74C6-48A6-9001-11053AE12DB7}.Release|x64.ActiveCfg = Release|x64
		{2EF3500B-74C6-48A6-9001-11053AE12DB7}.Release|x64.Build.0 = Release|x64
		{2EF3500B-74C6-48A6-9001-11053AE12DB7}.Release|x86.ActiveCfg = Release|Win32
		{2EF3500B-74C6-48A6-9001-11053AE12DB7}.Release|x86.Build.0 = Release|Win32
	EndGlobalSection
	GlobalSection(SolutionProperties) = preSolution
		HideSolutionNode = FALSE
	EndGlobalSection
	GlobalSection(ExtensibilityGlobals) = postSolution
		SolutionGuid = {746A65C6-2CB4-4DC1-ACB4-648E9270079E}
	EndGlobalSection
EndGlobal
